
Microsoft Visual Studio Solution File, Format Version 12.00
# Visual Studio 15
VisualStudioVersion = 15.0.27703.2026
MinimumVisualStudioVersion = 10.0.40219.1
Project("{FAE04EC0-301F-11D3-BF4B-00C04F79EFBC}") = "Action_Filter_sample_1", "Action_Filter_sample_1\Action_Filter_sample_1.csproj", "{DCEF0094-D7BF-42A5-9794-055CE253AC27}"
EndProject
Global
	GlobalSection(SolutionConfigurationPlatforms) = preSolution
		Debug|Any CPU = Debug|Any CPU
		Release|Any CPU = Release|Any CPU
	EndGlobalSection
	GlobalSection(ProjectConfigurationPlatforms) = postSolution
		{DCEF0094-D7BF-42A5-9794-055CE253AC27}.Debug|Any CPU.ActiveCfg = Debug|Any CPU
		{DCEF0094-D7BF-42A5-9794-055CE253AC27}.Debug|Any CPU.Build.0 = Debug|Any CPU
		{DCEF0094-D7BF-42A5-9794-055CE253AC27}.Release|Any CPU.ActiveCfg = Release|Any CPU
		{DCEF0094-D7BF-42A5-9794-055CE253AC27}.Release|Any CPU.Build.0 = Release|Any CPU
	EndGlobalSection
	GlobalSection(SolutionProperties) = preSolution
		HideSolutionNode = FALSE
	EndGlobalSection
	GlobalSection(ExtensibilityGlobals) = postSolution
		SolutionGuid = {FD9D7E3B-AD7C-4A65-9D76-90B4C4DC2416}
	EndGlobalSection
EndGlobal
